
Microsoft Visual Studio Solution File, Format Version 12.00
# Visual Studio Version 17
VisualStudioVersion = 17.14.36623.8 d17.14
MinimumVisualStudioVersion = 10.0.40219.1
Project("{FAE04EC0-301F-11D3-BF4B-00C04F79EFBC}") = "Korp.Estoque.Api", "Korp.Estoque.Api\Korp.Estoque.Api.csproj", "{CBE8854B-B317-47AD-97B7-C45B377DB103}"
EndProject
Project("{FAE04EC0-301F-11D3-BF4B-00C04F79EFBC}") = "Korp.Faturamento.Api", "Korp.Faturamento.Api\Korp.Faturamento.Api.csproj", "{2DD8F972-6953-4E4A-AE98-4C19C50BB5D7}"
EndProject
Global
	GlobalSection(SolutionConfigurationPlatforms) = preSolution
		Debug|Any CPU = Debug|Any CPU
		Release|Any CPU = Release|Any CPU
	EndGlobalSection
	GlobalSection(ProjectConfigurationPlatforms) = postSolution
		{CBE8854B-B317-47AD-97B7-C45B377DB103}.Debug|Any CPU.ActiveCfg = Debug|Any CPU
		{CBE8854B-B317-47AD-97B7-C45B377DB103}.Debug|Any CPU.Build.0 = Debug|Any CPU
		{CBE8854B-B317-47AD-97B7-C45B377DB103}.Release|Any CPU.ActiveCfg = Release|Any CPU
		{CBE8854B-B317-47AD-97B7-C45B377DB103}.Release|Any CPU.Build.0 = Release|Any CPU
		{2DD8F972-6953-4E4A-AE98-4C19C50BB5D7}.Debug|Any CPU.ActiveCfg = Debug|Any CPU
		{2DD8F972-6953-4E4A-AE98-4C19C50BB5D7}.Debug|Any CPU.Build.0 = Debug|Any CPU
		{2DD8F972-6953-4E4A-AE98-4C19C50BB5D7}.Release|Any CPU.ActiveCfg = Release|Any CPU
		{2DD8F972-6953-4E4A-AE98-4C19C50BB5D7}.Release|Any CPU.Build.0 = Release|Any CPU
	EndGlobalSection
	GlobalSection(SolutionProperties) = preSolution
		HideSolutionNode = FALSE
	EndGlobalSection
	GlobalSection(ExtensibilityGlobals) = postSolution
		SolutionGuid = {D04AB142-ED07-4B36-BCD4-787E13C70DDE}
	EndGlobalSection
EndGlobal
